{
  "requires": true,
  "lockfileVersion": 1,
  "dependencies": {
    "mmosru-palindrome": {
      "version": "0.1.0",
      "resolved": "https://registry.npmjs.org/mmosru-palindrome/-/mmosru-palindrome-0.1.0.tgz",
      "integrity": "sha512-MbssGiCM5EL+UI4w7mfQCdLrfbaG91l6uL6J5BsMzGgWPx0bU2/m7y9NFhAT/q/YPj951OqvXMPjPkQruILyKw=="
    }
  }
}
