{
  "requires": true,
  "lockfileVersion": 1,
  "dependencies": {
    "mmosru-palindrome": {
      "version": "0.1.1",
      "resolved": "https://registry.npmjs.org/mmosru-palindrome/-/mmosru-palindrome-0.1.1.tgz",
      "integrity": "sha512-qU5YVWgIU/Ub0KWBpI0s/BS6ajVlWeMx3syeTBYCIUQgG2bvHQV+RRjhcqcd5/d8sqHhkRvPjt8heBZaujkF1g=="
    }
  }
}
